
Microsoft Visual Studio Solution File, Format Version 12.00
# Visual Studio Version 16
VisualStudioVersion = 16.0.29926.136
MinimumVisualStudioVersion = 10.0.40219.1
Project("{2150E333-8FDC-42A3-9474-1A3956D46DE8}") = "Presentation", "Presentation", "{616A0EB2-2AF0-4797-98AF-9283DA6EC883}"
EndProject
Project("{2150E333-8FDC-42A3-9474-1A3956D46DE8}") = "Microservices", "Microservices", "{888ACB9C-74D4-4929-9DAD-E458700AB4C9}"
EndProject
Project("{2150E333-8FDC-42A3-9474-1A3956D46DE8}") = "Core", "Core", "{0C4E1F33-2F08-49FD-AE04-CBA62188189D}"
EndProject
Project("{2150E333-8FDC-42A3-9474-1A3956D46DE8}") = "Transfer", "Transfer", "{D138FEB9-DD0F-44E6-AD46-89141B566820}"
EndProject
Project("{2150E333-8FDC-42A3-9474-1A3956D46DE8}") = "Banking", "Banking", "{C01B19D5-3E9F-4E5F-AC17-979E5A2A0AFE}"
EndProject
Project("{2150E333-8FDC-42A3-9474-1A3956D46DE8}") = "Web", "Web", "{EDB48AED-C74F-4E70-AEC1-98F7A1D5212A}"
EndProject
Project("{9A19103F-16F7-4668-BE54-9A1E7A4F7556}") = "AdminPanel.Server", "Presentation\AdminPanel\Server\AdminPanel.Server.csproj", "{CE012B49-8396-4592-9AAA-68C4F8146493}"
EndProject
Project("{9A19103F-16F7-4668-BE54-9A1E7A4F7556}") = "AdminPanel.Client", "Presentation\AdminPanel\Client\AdminPanel.Client.csproj", "{31F2BCE5-FEBB-451C-A6B7-635870BC2B13}"
EndProject
Project("{9A19103F-16F7-4668-BE54-9A1E7A4F7556}") = "AdminPanel.Shared", "Presentation\AdminPanel\Shared\AdminPanel.Shared.csproj", "{89384869-E92C-494F-8A0D-FD9327B462FC}"
EndProject
Project("{2150E333-8FDC-42A3-9474-1A3956D46DE8}") = "Api", "Api", "{F202B918-E520-406D-A734-916F0324EC04}"
EndProject
Project("{2150E333-8FDC-42A3-9474-1A3956D46DE8}") = "Api", "Api", "{1A06BCDA-865D-40A1-9D82-43FB3694854A}"
EndProject
Project("{2150E333-8FDC-42A3-9474-1A3956D46DE8}") = "Domain", "Domain", "{B79910B9-5D3F-40E6-949B-8E1793A78D70}"
EndProject
Project("{2150E333-8FDC-42A3-9474-1A3956D46DE8}") = "Application", "Application", "{0B8EF8D5-660E-4FD7-BB3D-9BBEC653FBF2}"
EndProject
Project("{2150E333-8FDC-42A3-9474-1A3956D46DE8}") = "Application", "Application", "{CA8FBFF2-8E35-4E61-BD69-168A007EA912}"
EndProject
Project("{2150E333-8FDC-42A3-9474-1A3956D46DE8}") = "Domain", "Domain", "{5DA91E8E-4C86-4919-9DB3-2D5AEBCBDBC2}"
EndProject
Project("{2150E333-8FDC-42A3-9474-1A3956D46DE8}") = "Data", "Data", "{CC2A3481-EA2C-4AC9-988D-F88CDA292BD8}"
EndProject
Project("{2150E333-8FDC-42A3-9474-1A3956D46DE8}") = "Data", "Data", "{634645EE-3661-40F5-8972-43A78921DDE4}"
EndProject
Project("{9A19103F-16F7-4668-BE54-9A1E7A4F7556}") = "Transfer.Data", "Microservices\Transfer\Transfer.Data\Transfer.Data.csproj", "{9D1463E4-03C6-4F30-983B-5D75C125D0D0}"
EndProject
Project("{9A19103F-16F7-4668-BE54-9A1E7A4F7556}") = "Transfer.Domain", "Microservices\Transfer\Transfer.Domain\Transfer.Domain.csproj", "{706A48FC-F5F0-48B5-BE73-0EE6FEF9193E}"
EndProject
Project("{9A19103F-16F7-4668-BE54-9A1E7A4F7556}") = "Transfer.Application", "Microservices\Transfer\Transfer.Application\Transfer.Application.csproj", "{11C266A7-3D64-4D4B-B585-43FD734EF573}"
EndProject
Project("{9A19103F-16F7-4668-BE54-9A1E7A4F7556}") = "Banking.Domain", "Microservices\Banking\Banking.Domain\Banking.Domain.csproj", "{888B1821-63EA-4ED4-8DB2-337998F7201E}"
EndProject
Project("{9A19103F-16F7-4668-BE54-9A1E7A4F7556}") = "Banking.Data", "Microservices\Banking\Banking.Data\Banking.Data.csproj", "{1AEAE05D-EF35-46BE-9009-A9CE4644E93A}"
EndProject
Project("{9A19103F-16F7-4668-BE54-9A1E7A4F7556}") = "Banking.Application", "Microservices\Banking\Banking.Application\Banking.Application.csproj", "{89E2E090-9628-407D-B53D-7161875AF2EB}"
EndProject
Project("{9A19103F-16F7-4668-BE54-9A1E7A4F7556}") = "RabbitMQ.Bus", "Core\RabbitMQ.Bus\RabbitMQ.Bus.csproj", "{8C7CCFC0-3403-4CA5-9E08-81FAE6C09BD9}"
EndProject
Project("{9A19103F-16F7-4668-BE54-9A1E7A4F7556}") = "RabbitMQ.IoC", "Core\RabbitMQ.IoC\RabbitMQ.IoC.csproj", "{E5BF2802-61B0-4398-9D13-6AC0F5B277C9}"
EndProject
Project("{9A19103F-16F7-4668-BE54-9A1E7A4F7556}") = "Transfer.Api", "Microservices\Transfer\Transfer.Api\Transfer.Api.csproj", "{2F3231C8-EE0B-42FF-88F3-388C955CF896}"
EndProject
Project("{9A19103F-16F7-4668-BE54-9A1E7A4F7556}") = "Banking.Api", "Microservices\Banking\Banking.Api\Banking.Api.csproj", "{10803877-39C1-454C-BA10-1D7FF939796D}"
EndProject
Project("{2150E333-8FDC-42A3-9474-1A3956D46DE8}") = "ApiGateway", "ApiGateway", "{F0298895-5B9E-4665-AB35-1A441F703425}"
EndProject
Project("{9A19103F-16F7-4668-BE54-9A1E7A4F7556}") = "Web.Bff", "ApiGateway\Web.Bff\Web.Bff.csproj", "{71887FCD-63B9-4857-91CD-D6152318A10D}"
EndProject
Global
	GlobalSection(SolutionConfigurationPlatforms) = preSolution
		Debug|Any CPU = Debug|Any CPU
		Release|Any CPU = Release|Any CPU
	EndGlobalSection
	GlobalSection(ProjectConfigurationPlatforms) = postSolution
		{CE012B49-8396-4592-9AAA-68C4F8146493}.Debug|Any CPU.ActiveCfg = Debug|Any CPU
		{CE012B49-8396-4592-9AAA-68C4F8146493}.Debug|Any CPU.Build.0 = Debug|Any CPU
		{CE012B49-8396-4592-9AAA-68C4F8146493}.Release|Any CPU.ActiveCfg = Release|Any CPU
		{CE012B49-8396-4592-9AAA-68C4F8146493}.Release|Any CPU.Build.0 = Release|Any CPU
		{31F2BCE5-FEBB-451C-A6B7-635870BC2B13}.Debug|Any CPU.ActiveCfg = Debug|Any CPU
		{31F2BCE5-FEBB-451C-A6B7-635870BC2B13}.Debug|Any CPU.Build.0 = Debug|Any CPU
		{31F2BCE5-FEBB-451C-A6B7-635870BC2B13}.Release|Any CPU.ActiveCfg = Release|Any CPU
		{31F2BCE5-FEBB-451C-A6B7-635870BC2B13}.Release|Any CPU.Build.0 = Release|Any CPU
		{89384869-E92C-494F-8A0D-FD9327B462FC}.Debug|Any CPU.ActiveCfg = Debug|Any CPU
		{89384869-E92C-494F-8A0D-FD9327B462FC}.Debug|Any CPU.Build.0 = Debug|Any CPU
		{89384869-E92C-494F-8A0D-FD9327B462FC}.Release|Any CPU.ActiveCfg = Release|Any CPU
		{89384869-E92C-494F-8A0D-FD9327B462FC}.Release|Any CPU.Build.0 = Release|Any CPU
		{9D1463E4-03C6-4F30-983B-5D75C125D0D0}.Debug|Any CPU.ActiveCfg = Debug|Any CPU
		{9D1463E4-03C6-4F30-983B-5D75C125D0D0}.Debug|Any CPU.Build.0 = Debug|Any CPU
		{9D1463E4-03C6-4F30-983B-5D75C125D0D0}.Release|Any CPU.ActiveCfg = Release|Any CPU
		{9D1463E4-03C6-4F30-983B-5D75C125D0D0}.Release|Any CPU.Build.0 = Release|Any CPU
		{706A48FC-F5F0-48B5-BE73-0EE6FEF9193E}.Debug|Any CPU.ActiveCfg = Debug|Any CPU
		{706A48FC-F5F0-48B5-BE73-0EE6FEF9193E}.Debug|Any CPU.Build.0 = Debug|Any CPU
		{706A48FC-F5F0-48B5-BE73-0EE6FEF9193E}.Release|Any CPU.ActiveCfg = Release|Any CPU
		{706A48FC-F5F0-48B5-BE73-0EE6FEF9193E}.Release|Any CPU.Build.0 = Release|Any CPU
		{11C266A7-3D64-4D4B-B585-43FD734EF573}.Debug|Any CPU.ActiveCfg = Debug|Any CPU
		{11C266A7-3D64-4D4B-B585-43FD734EF573}.Debug|Any CPU.Build.0 = Debug|Any CPU
		{11C266A7-3D64-4D4B-B585-43FD734EF573}.Release|Any CPU.ActiveCfg = Release|Any CPU
		{11C266A7-3D64-4D4B-B585-43FD734EF573}.Release|Any CPU.Build.0 = Release|Any CPU
		{888B1821-63EA-4ED4-8DB2-337998F7201E}.Debug|Any CPU.ActiveCfg = Debug|Any CPU
		{888B1821-63EA-4ED4-8DB2-337998F7201E}.Debug|Any CPU.Build.0 = Debug|Any CPU
		{888B1821-63EA-4ED4-8DB2-337998F7201E}.Release|Any CPU.ActiveCfg = Release|Any CPU
		{888B1821-63EA-4ED4-8DB2-337998F7201E}.Release|Any CPU.Build.0 = Release|Any CPU
		{1AEAE05D-EF35-46BE-9009-A9CE4644E93A}.Debug|Any CPU.ActiveCfg = Debug|Any CPU
		{1AEAE05D-EF35-46BE-9009-A9CE4644E93A}.Debug|Any CPU.Build.0 = Debug|Any CPU
		{1AEAE05D-EF35-46BE-9009-A9CE4644E93A}.Release|Any CPU.ActiveCfg = Release|Any CPU
		{1AEAE05D-EF35-46BE-9009-A9CE4644E93A}.Release|Any CPU.Build.0 = Release|Any CPU
		{89E2E090-9628-407D-B53D-7161875AF2EB}.Debug|Any CPU.ActiveCfg = Debug|Any CPU
		{89E2E090-9628-407D-B53D-7161875AF2EB}.Debug|Any CPU.Build.0 = Debug|Any CPU
		{89E2E090-9628-407D-B53D-7161875AF2EB}.Release|Any CPU.ActiveCfg = Release|Any CPU
		{89E2E090-9628-407D-B53D-7161875AF2EB}.Release|Any CPU.Build.0 = Release|Any CPU
		{8C7CCFC0-3403-4CA5-9E08-81FAE6C09BD9}.Debug|Any CPU.ActiveCfg = Debug|Any CPU
		{8C7CCFC0-3403-4CA5-9E08-81FAE6C09BD9}.Debug|Any CPU.Build.0 = Debug|Any CPU
		{8C7CCFC0-3403-4CA5-9E08-81FAE6C09BD9}.Release|Any CPU.ActiveCfg = Release|Any CPU
		{8C7CCFC0-3403-4CA5-9E08-81FAE6C09BD9}.Release|Any CPU.Build.0 = Release|Any CPU
		{E5BF2802-61B0-4398-9D13-6AC0F5B277C9}.Debug|Any CPU.ActiveCfg = Debug|Any CPU
		{E5BF2802-61B0-4398-9D13-6AC0F5B277C9}.Debug|Any CPU.Build.0 = Debug|Any CPU
		{E5BF2802-61B0-4398-9D13-6AC0F5B277C9}.Release|Any CPU.ActiveCfg = Release|Any CPU
		{E5BF2802-61B0-4398-9D13-6AC0F5B277C9}.Release|Any CPU.Build.0 = Release|Any CPU
		{2F3231C8-EE0B-42FF-88F3-388C955CF896}.Debug|Any CPU.ActiveCfg = Debug|Any CPU
		{2F3231C8-EE0B-42FF-88F3-388C955CF896}.Debug|Any CPU.Build.0 = Debug|Any CPU
		{2F3231C8-EE0B-42FF-88F3-388C955CF896}.Release|Any CPU.ActiveCfg = Release|Any CPU
		{2F3231C8-EE0B-42FF-88F3-388C955CF896}.Release|Any CPU.Build.0 = Release|Any CPU
		{10803877-39C1-454C-BA10-1D7FF939796D}.Debug|Any CPU.ActiveCfg = Debug|Any CPU
		{10803877-39C1-454C-BA10-1D7FF939796D}.Debug|Any CPU.Build.0 = Debug|Any CPU
		{10803877-39C1-454C-BA10-1D7FF939796D}.Release|Any CPU.ActiveCfg = Release|Any CPU
		{10803877-39C1-454C-BA10-1D7FF939796D}.Release|Any CPU.Build.0 = Release|Any CPU
		{71887FCD-63B9-4857-91CD-D6152318A10D}.Debug|Any CPU.ActiveCfg = Debug|Any CPU
		{71887FCD-63B9-4857-91CD-D6152318A10D}.Debug|Any CPU.Build.0 = Debug|Any CPU
		{71887FCD-63B9-4857-91CD-D6152318A10D}.Release|Any CPU.ActiveCfg = Release|Any CPU
		{71887FCD-63B9-4857-91CD-D6152318A10D}.Release|Any CPU.Build.0 = Release|Any CPU
	EndGlobalSection
	GlobalSection(SolutionProperties) = preSolution
		HideSolutionNode = FALSE
	EndGlobalSection
	GlobalSection(NestedProjects) = preSolution
		{D138FEB9-DD0F-44E6-AD46-89141B566820} = {888ACB9C-74D4-4929-9DAD-E458700AB4C9}
		{C01B19D5-3E9F-4E5F-AC17-979E5A2A0AFE} = {888ACB9C-74D4-4929-9DAD-E458700AB4C9}
		{EDB48AED-C74F-4E70-AEC1-98F7A1D5212A} = {616A0EB2-2AF0-4797-98AF-9283DA6EC883}
		{CE012B49-8396-4592-9AAA-68C4F8146493} = {EDB48AED-C74F-4E70-AEC1-98F7A1D5212A}
		{31F2BCE5-FEBB-451C-A6B7-635870BC2B13} = {EDB48AED-C74F-4E70-AEC1-98F7A1D5212A}
		{89384869-E92C-494F-8A0D-FD9327B462FC} = {EDB48AED-C74F-4E70-AEC1-98F7A1D5212A}
		{F202B918-E520-406D-A734-916F0324EC04} = {C01B19D5-3E9F-4E5F-AC17-979E5A2A0AFE}
		{1A06BCDA-865D-40A1-9D82-43FB3694854A} = {D138FEB9-DD0F-44E6-AD46-89141B566820}
		{B79910B9-5D3F-40E6-949B-8E1793A78D70} = {D138FEB9-DD0F-44E6-AD46-89141B566820}
		{0B8EF8D5-660E-4FD7-BB3D-9BBEC653FBF2} = {D138FEB9-DD0F-44E6-AD46-89141B566820}
		{CA8FBFF2-8E35-4E61-BD69-168A007EA912} = {C01B19D5-3E9F-4E5F-AC17-979E5A2A0AFE}
		{5DA91E8E-4C86-4919-9DB3-2D5AEBCBDBC2} = {C01B19D5-3E9F-4E5F-AC17-979E5A2A0AFE}
		{CC2A3481-EA2C-4AC9-988D-F88CDA292BD8} = {C01B19D5-3E9F-4E5F-AC17-979E5A2A0AFE}
		{634645EE-3661-40F5-8972-43A78921DDE4} = {D138FEB9-DD0F-44E6-AD46-89141B566820}
		{9D1463E4-03C6-4F30-983B-5D75C125D0D0} = {634645EE-3661-40F5-8972-43A78921DDE4}
		{706A48FC-F5F0-48B5-BE73-0EE6FEF9193E} = {B79910B9-5D3F-40E6-949B-8E1793A78D70}
		{11C266A7-3D64-4D4B-B585-43FD734EF573} = {0B8EF8D5-660E-4FD7-BB3D-9BBEC653FBF2}
		{888B1821-63EA-4ED4-8DB2-337998F7201E} = {5DA91E8E-4C86-4919-9DB3-2D5AEBCBDBC2}
		{1AEAE05D-EF35-46BE-9009-A9CE4644E93A} = {CC2A3481-EA2C-4AC9-988D-F88CDA292BD8}
		{89E2E090-9628-407D-B53D-7161875AF2EB} = {CA8FBFF2-8E35-4E61-BD69-168A007EA912}
		{8C7CCFC0-3403-4CA5-9E08-81FAE6C09BD9} = {0C4E1F33-2F08-49FD-AE04-CBA62188189D}
		{E5BF2802-61B0-4398-9D13-6AC0F5B277C9} = {0C4E1F33-2F08-49FD-AE04-CBA62188189D}
		{2F3231C8-EE0B-42FF-88F3-388C955CF896} = {1A06BCDA-865D-40A1-9D82-43FB3694854A}
		{10803877-39C1-454C-BA10-1D7FF939796D} = {F202B918-E520-406D-A734-916F0324EC04}
		{71887FCD-63B9-4857-91CD-D6152318A10D} = {F0298895-5B9E-4665-AB35-1A441F703425}
	EndGlobalSection
	GlobalSection(ExtensibilityGlobals) = postSolution
		SolutionGuid = {C607248A-D7B2-44C8-B943-F4E78B1E6CFC}
	EndGlobalSection
EndGlobal
